
Microsoft Visual Studio Solution File, Format Version 12.00
# Visual Studio Version 16
VisualStudioVersion = 16.0.30804.86
MinimumVisualStudioVersion = 10.0.40219.1
Project("{FAE04EC0-301F-11D3-BF4B-00C04F79EFBC}") = "My.Dictionary", "My.Dictionary\My.Dictionary.csproj", "{32FA8B2C-4903-409E-A85F-DED63DD9F80E}"
EndProject
Global
	GlobalSection(SolutionConfigurationPlatforms) = preSolution
		Debug|Any CPU = Debug|Any CPU
		Release|Any CPU = Release|Any CPU
	EndGlobalSection
	GlobalSection(ProjectConfigurationPlatforms) = postSolution
		{32FA8B2C-4903-409E-A85F-DED63DD9F80E}.Debug|Any CPU.ActiveCfg = Debug|Any CPU
		{32FA8B2C-4903-409E-A85F-DED63DD9F80E}.Debug|Any CPU.Build.0 = Debug|Any CPU
		{32FA8B2C-4903-409E-A85F-DED63DD9F80E}.Release|Any CPU.ActiveCfg = Release|Any CPU
		{32FA8B2C-4903-409E-A85F-DED63DD9F80E}.Release|Any CPU.Build.0 = Release|Any CPU
	EndGlobalSection
	GlobalSection(SolutionProperties) = preSolution
		HideSolutionNode = FALSE
	EndGlobalSection
	GlobalSection(ExtensibilityGlobals) = postSolution
		SolutionGuid = {D82CAA91-FC0D-40B7-9D2E-3B3632609C15}
	EndGlobalSection
EndGlobal
